
Microsoft Visual Studio Solution File, Format Version 12.00
# Visual Studio Version 17
VisualStudioVersion = 17.3.32811.315
MinimumVisualStudioVersion = 10.0.40219.1
Project("{FAE04EC0-301F-11D3-BF4B-00C04F79EFBC}") = "GenericClassLib", "GenericClassLib\GenericClassLib.csproj", "{1579F563-1564-4C21-A92A-E3035DD2BE5D}"
EndProject
Global
	GlobalSection(SolutionConfigurationPlatforms) = preSolution
		Debug|Any CPU = Debug|Any CPU
		Release|Any CPU = Release|Any CPU
	EndGlobalSection
	GlobalSection(ProjectConfigurationPlatforms) = postSolution
		{1579F563-1564-4C21-A92A-E3035DD2BE5D}.Debug|Any CPU.ActiveCfg = Debug|Any CPU
		{1579F563-1564-4C21-A92A-E3035DD2BE5D}.Debug|Any CPU.Build.0 = Debug|Any CPU
		{1579F563-1564-4C21-A92A-E3035DD2BE5D}.Release|Any CPU.ActiveCfg = Release|Any CPU
		{1579F563-1564-4C21-A92A-E3035DD2BE5D}.Release|Any CPU.Build.0 = Release|Any CPU
	EndGlobalSection
	GlobalSection(SolutionProperties) = preSolution
		HideSolutionNode = FALSE
	EndGlobalSection
	GlobalSection(ExtensibilityGlobals) = postSolution
		SolutionGuid = {9B51239F-E471-4FCD-87A1-75E04F9A28EF}
	EndGlobalSection
EndGlobal
